
Microsoft Visual Studio Solution File, Format Version 12.00
# Visual Studio Version 16
VisualStudioVersion = 16.0.31702.278
MinimumVisualStudioVersion = 10.0.40219.1
Project("{888888A0-9F3D-457C-B088-3A5042F75D52}") = "TreeExtractPython", "TreeExtractPython\TreeExtractPython.pyproj", "{92F794F7-E5F8-4323-A36F-1CA1C1DC936D}"
EndProject
Global
	GlobalSection(SolutionConfigurationPlatforms) = preSolution
		Debug|Any CPU = Debug|Any CPU
		Release|Any CPU = Release|Any CPU
	EndGlobalSection
	GlobalSection(ProjectConfigurationPlatforms) = postSolution
		{92F794F7-E5F8-4323-A36F-1CA1C1DC936D}.Debug|Any CPU.ActiveCfg = Debug|Any CPU
		{92F794F7-E5F8-4323-A36F-1CA1C1DC936D}.Release|Any CPU.ActiveCfg = Release|Any CPU
	EndGlobalSection
	GlobalSection(SolutionProperties) = preSolution
		HideSolutionNode = FALSE
	EndGlobalSection
	GlobalSection(ExtensibilityGlobals) = postSolution
		SolutionGuid = {E984504D-103A-4A77-BC03-9053B380CE3F}
	EndGlobalSection
EndGlobal
